Microsoft Visual Studio Solution File, Format Version 11.00
# Visual Studio 2015
Project("{2B5A822E-002F-8338-7807-CC5390F3F829}") = "morSynth", "morSynth.vcxproj", "{307EE094-7975-83E5-F4C2-5C508BB7A89A}"
EndProject
Global
	GlobalSection(SolutionConfigurationPlatforms) = preSolution
		Debug|Win32 = Debug|Win32
		Release|Win32 = Release|Win32
	EndGlobalSection
	GlobalSection(ProjectConfigurationPlatforms) = postSolution
		{307EE094-7975-83E5-F4C2-5C508BB7A89A}.Debug|Win32.ActiveCfg = Debug|Win32
		{307EE094-7975-83E5-F4C2-5C508BB7A89A}.Debug|Win32.Build.0 = Debug|Win32
		{307EE094-7975-83E5-F4C2-5C508BB7A89A}.Release|Win32.ActiveCfg = Release|Win32
		{307EE094-7975-83E5-F4C2-5C508BB7A89A}.Release|Win32.Build.0 = Release|Win32
	EndGlobalSection
	GlobalSection(SolutionProperties) = preSolution
		HideSolutionNode = FALSE
	EndGlobalSection
EndGlobal
